
Microsoft Visual Studio Solution File, Format Version 12.00
# Visual Studio Version 17
VisualStudioVersion = 17.1.32414.318
MinimumVisualStudioVersion = 10.0.40219.1
Project("{FAE04EC0-301F-11D3-BF4B-00C04F79EFBC}") = "ORM Console", "ORM Console\ORM Console.csproj", "{42C0DE7F-23CF-4B69-B4D0-74E58AC00B61}"
EndProject
Global
	GlobalSection(SolutionConfigurationPlatforms) = preSolution
		Debug|Any CPU = Debug|Any CPU
		Release|Any CPU = Release|Any CPU
	EndGlobalSection
	GlobalSection(ProjectConfigurationPlatforms) = postSolution
		{42C0DE7F-23CF-4B69-B4D0-74E58AC00B61}.Debug|Any CPU.ActiveCfg = Debug|Any CPU
		{42C0DE7F-23CF-4B69-B4D0-74E58AC00B61}.Debug|Any CPU.Build.0 = Debug|Any CPU
		{42C0DE7F-23CF-4B69-B4D0-74E58AC00B61}.Release|Any CPU.ActiveCfg = Release|Any CPU
		{42C0DE7F-23CF-4B69-B4D0-74E58AC00B61}.Release|Any CPU.Build.0 = Release|Any CPU
	EndGlobalSection
	GlobalSection(SolutionProperties) = preSolution
		HideSolutionNode = FALSE
	EndGlobalSection
	GlobalSection(ExtensibilityGlobals) = postSolution
		SolutionGuid = {6ACD03E3-E62A-4207-8D4D-09A30CC7377F}
	EndGlobalSection
EndGlobal
